
Microsoft Visual Studio Solution File, Format Version 12.00
# Visual Studio 15
Project("{FAE04EC0-301F-11D3-BF4B-00C04F79EFBC}") = "MoneyJars.Core", "MoneyJars.Core\MoneyJars.Core.csproj", "{1BA8BA4C-7F61-4A45-A0E8-32B6E80C9F25}"
EndProject
Project("{FAE04EC0-301F-11D3-BF4B-00C04F79EFBC}") = "MoneyJars.iOS", "MoneyJars.iOS\MoneyJars.iOS.csproj", "{BE663E5F-EF59-4501-81A4-F9A48889DDE4}"
EndProject
Global
	GlobalSection(SolutionConfigurationPlatforms) = preSolution
		Debug|Any CPU = Debug|Any CPU
		Release|Any CPU = Release|Any CPU
		Debug|iPhoneSimulator = Debug|iPhoneSimulator
		Release|iPhoneSimulator = Release|iPhoneSimulator
		Debug|iPhone = Debug|iPhone
		Release|iPhone = Release|iPhone
	EndGlobalSection
	GlobalSection(ProjectConfigurationPlatforms) = postSolution
		{1BA8BA4C-7F61-4A45-A0E8-32B6E80C9F25}.Debug|Any CPU.ActiveCfg = Debug|Any CPU
		{1BA8BA4C-7F61-4A45-A0E8-32B6E80C9F25}.Debug|Any CPU.Build.0 = Debug|Any CPU
		{1BA8BA4C-7F61-4A45-A0E8-32B6E80C9F25}.Release|Any CPU.ActiveCfg = Release|Any CPU
		{1BA8BA4C-7F61-4A45-A0E8-32B6E80C9F25}.Release|Any CPU.Build.0 = Release|Any CPU
		{1BA8BA4C-7F61-4A45-A0E8-32B6E80C9F25}.Debug|iPhoneSimulator.ActiveCfg = Debug|Any CPU
		{1BA8BA4C-7F61-4A45-A0E8-32B6E80C9F25}.Debug|iPhoneSimulator.Build.0 = Debug|Any CPU
		{1BA8BA4C-7F61-4A45-A0E8-32B6E80C9F25}.Release|iPhoneSimulator.ActiveCfg = Release|Any CPU
		{1BA8BA4C-7F61-4A45-A0E8-32B6E80C9F25}.Release|iPhoneSimulator.Build.0 = Release|Any CPU
		{1BA8BA4C-7F61-4A45-A0E8-32B6E80C9F25}.Debug|iPhone.ActiveCfg = Debug|Any CPU
		{1BA8BA4C-7F61-4A45-A0E8-32B6E80C9F25}.Debug|iPhone.Build.0 = Debug|Any CPU
		{1BA8BA4C-7F61-4A45-A0E8-32B6E80C9F25}.Release|iPhone.ActiveCfg = Release|Any CPU
		{1BA8BA4C-7F61-4A45-A0E8-32B6E80C9F25}.Release|iPhone.Build.0 = Release|Any CPU
		{BE663E5F-EF59-4501-81A4-F9A48889DDE4}.Debug|Any CPU.ActiveCfg = Debug|iPhoneSimulator
		{BE663E5F-EF59-4501-81A4-F9A48889DDE4}.Debug|Any CPU.Build.0 = Debug|iPhoneSimulator
		{BE663E5F-EF59-4501-81A4-F9A48889DDE4}.Release|Any CPU.ActiveCfg = Release|iPhoneSimulator
		{BE663E5F-EF59-4501-81A4-F9A48889DDE4}.Release|Any CPU.Build.0 = Release|iPhoneSimulator
		{BE663E5F-EF59-4501-81A4-F9A48889DDE4}.Debug|iPhoneSimulator.ActiveCfg = Debug|iPhoneSimulator
		{BE663E5F-EF59-4501-81A4-F9A48889DDE4}.Debug|iPhoneSimulator.Build.0 = Debug|iPhoneSimulator
		{BE663E5F-EF59-4501-81A4-F9A48889DDE4}.Release|iPhoneSimulator.ActiveCfg = Release|iPhoneSimulator
		{BE663E5F-EF59-4501-81A4-F9A48889DDE4}.Release|iPhoneSimulator.Build.0 = Release|iPhoneSimulator
		{BE663E5F-EF59-4501-81A4-F9A48889DDE4}.Debug|iPhone.ActiveCfg = Debug|iPhone
		{BE663E5F-EF59-4501-81A4-F9A48889DDE4}.Debug|iPhone.Build.0 = Debug|iPhone
		{BE663E5F-EF59-4501-81A4-F9A48889DDE4}.Release|iPhone.ActiveCfg = Release|iPhone
		{BE663E5F-EF59-4501-81A4-F9A48889DDE4}.Release|iPhone.Build.0 = Release|iPhone
	EndGlobalSection
EndGlobal
