
Microsoft Visual Studio Solution File, Format Version 12.00
# Visual Studio 15
Project("{FAE04EC0-301F-11D3-BF4B-00C04F79EFBC}") = "MoneyJars.Core", "MoneyJars.Core\MoneyJars.Core.csproj", "{4DF6B3EC-B83D-433A-8ACF-C6F76B1CB6F3}"
EndProject
Project("{FAE04EC0-301F-11D3-BF4B-00C04F79EFBC}") = "MoneyJars.iOS", "MoneyJars.iOS\MoneyJars.iOS.csproj", "{4FCB8288-3C80-44A2-AD7C-DAFC8D111F71}"
EndProject
Global
	GlobalSection(SolutionConfigurationPlatforms) = preSolution
		Debug|Any CPU = Debug|Any CPU
		Release|Any CPU = Release|Any CPU
		Debug|iPhoneSimulator = Debug|iPhoneSimulator
		Release|iPhoneSimulator = Release|iPhoneSimulator
		Debug|iPhone = Debug|iPhone
		Release|iPhone = Release|iPhone
	EndGlobalSection
	GlobalSection(ProjectConfigurationPlatforms) = postSolution
		{4DF6B3EC-B83D-433A-8ACF-C6F76B1CB6F3}.Debug|Any CPU.ActiveCfg = Debug|Any CPU
		{4DF6B3EC-B83D-433A-8ACF-C6F76B1CB6F3}.Debug|Any CPU.Build.0 = Debug|Any CPU
		{4DF6B3EC-B83D-433A-8ACF-C6F76B1CB6F3}.Release|Any CPU.ActiveCfg = Release|Any CPU
		{4DF6B3EC-B83D-433A-8ACF-C6F76B1CB6F3}.Release|Any CPU.Build.0 = Release|Any CPU
		{4DF6B3EC-B83D-433A-8ACF-C6F76B1CB6F3}.Debug|iPhoneSimulator.ActiveCfg = Debug|Any CPU
		{4DF6B3EC-B83D-433A-8ACF-C6F76B1CB6F3}.Debug|iPhoneSimulator.Build.0 = Debug|Any CPU
		{4DF6B3EC-B83D-433A-8ACF-C6F76B1CB6F3}.Release|iPhoneSimulator.ActiveCfg = Release|Any CPU
		{4DF6B3EC-B83D-433A-8ACF-C6F76B1CB6F3}.Release|iPhoneSimulator.Build.0 = Release|Any CPU
		{4DF6B3EC-B83D-433A-8ACF-C6F76B1CB6F3}.Debug|iPhone.ActiveCfg = Debug|Any CPU
		{4DF6B3EC-B83D-433A-8ACF-C6F76B1CB6F3}.Debug|iPhone.Build.0 = Debug|Any CPU
		{4DF6B3EC-B83D-433A-8ACF-C6F76B1CB6F3}.Release|iPhone.ActiveCfg = Release|Any CPU
		{4DF6B3EC-B83D-433A-8ACF-C6F76B1CB6F3}.Release|iPhone.Build.0 = Release|Any CPU
		{4FCB8288-3C80-44A2-AD7C-DAFC8D111F71}.Debug|Any CPU.ActiveCfg = Debug|iPhoneSimulator
		{4FCB8288-3C80-44A2-AD7C-DAFC8D111F71}.Debug|Any CPU.Build.0 = Debug|iPhoneSimulator
		{4FCB8288-3C80-44A2-AD7C-DAFC8D111F71}.Release|Any CPU.ActiveCfg = Release|iPhoneSimulator
		{4FCB8288-3C80-44A2-AD7C-DAFC8D111F71}.Release|Any CPU.Build.0 = Release|iPhoneSimulator
		{4FCB8288-3C80-44A2-AD7C-DAFC8D111F71}.Debug|iPhoneSimulator.ActiveCfg = Debug|iPhoneSimulator
		{4FCB8288-3C80-44A2-AD7C-DAFC8D111F71}.Debug|iPhoneSimulator.Build.0 = Debug|iPhoneSimulator
		{4FCB8288-3C80-44A2-AD7C-DAFC8D111F71}.Release|iPhoneSimulator.ActiveCfg = Release|iPhoneSimulator
		{4FCB8288-3C80-44A2-AD7C-DAFC8D111F71}.Release|iPhoneSimulator.Build.0 = Release|iPhoneSimulator
		{4FCB8288-3C80-44A2-AD7C-DAFC8D111F71}.Debug|iPhone.ActiveCfg = Debug|iPhone
		{4FCB8288-3C80-44A2-AD7C-DAFC8D111F71}.Debug|iPhone.Build.0 = Debug|iPhone
		{4FCB8288-3C80-44A2-AD7C-DAFC8D111F71}.Release|iPhone.ActiveCfg = Release|iPhone
		{4FCB8288-3C80-44A2-AD7C-DAFC8D111F71}.Release|iPhone.Build.0 = Release|iPhone
	EndGlobalSection
EndGlobal
