
Microsoft Visual Studio Solution File, Format Version 12.00
# Visual Studio 15
Project("{FAE04EC0-301F-11D3-BF4B-00C04F79EFBC}") = "MoneyJars.Core", "MoneyJars.Core\MoneyJars.Core.csproj", "{818EAEA7-3866-415D-9DCF-348CD2DDA777}"
EndProject
Project("{FAE04EC0-301F-11D3-BF4B-00C04F79EFBC}") = "MoneyJars.iOS", "MoneyJars.iOS\MoneyJars.iOS.csproj", "{DA0460CE-2769-465B-BBA2-64D4CAA72958}"
EndProject
Global
	GlobalSection(SolutionConfigurationPlatforms) = preSolution
		Debug|Any CPU = Debug|Any CPU
		Release|Any CPU = Release|Any CPU
		Debug|iPhoneSimulator = Debug|iPhoneSimulator
		Release|iPhoneSimulator = Release|iPhoneSimulator
		Debug|iPhone = Debug|iPhone
		Release|iPhone = Release|iPhone
	EndGlobalSection
	GlobalSection(ProjectConfigurationPlatforms) = postSolution
		{818EAEA7-3866-415D-9DCF-348CD2DDA777}.Debug|Any CPU.ActiveCfg = Debug|Any CPU
		{818EAEA7-3866-415D-9DCF-348CD2DDA777}.Debug|Any CPU.Build.0 = Debug|Any CPU
		{818EAEA7-3866-415D-9DCF-348CD2DDA777}.Release|Any CPU.ActiveCfg = Release|Any CPU
		{818EAEA7-3866-415D-9DCF-348CD2DDA777}.Release|Any CPU.Build.0 = Release|Any CPU
		{818EAEA7-3866-415D-9DCF-348CD2DDA777}.Debug|iPhoneSimulator.ActiveCfg = Debug|Any CPU
		{818EAEA7-3866-415D-9DCF-348CD2DDA777}.Debug|iPhoneSimulator.Build.0 = Debug|Any CPU
		{818EAEA7-3866-415D-9DCF-348CD2DDA777}.Release|iPhoneSimulator.ActiveCfg = Release|Any CPU
		{818EAEA7-3866-415D-9DCF-348CD2DDA777}.Release|iPhoneSimulator.Build.0 = Release|Any CPU
		{818EAEA7-3866-415D-9DCF-348CD2DDA777}.Debug|iPhone.ActiveCfg = Debug|Any CPU
		{818EAEA7-3866-415D-9DCF-348CD2DDA777}.Debug|iPhone.Build.0 = Debug|Any CPU
		{818EAEA7-3866-415D-9DCF-348CD2DDA777}.Release|iPhone.ActiveCfg = Release|Any CPU
		{818EAEA7-3866-415D-9DCF-348CD2DDA777}.Release|iPhone.Build.0 = Release|Any CPU
		{DA0460CE-2769-465B-BBA2-64D4CAA72958}.Debug|Any CPU.ActiveCfg = Debug|iPhoneSimulator
		{DA0460CE-2769-465B-BBA2-64D4CAA72958}.Debug|Any CPU.Build.0 = Debug|iPhoneSimulator
		{DA0460CE-2769-465B-BBA2-64D4CAA72958}.Release|Any CPU.ActiveCfg = Release|iPhoneSimulator
		{DA0460CE-2769-465B-BBA2-64D4CAA72958}.Release|Any CPU.Build.0 = Release|iPhoneSimulator
		{DA0460CE-2769-465B-BBA2-64D4CAA72958}.Debug|iPhoneSimulator.ActiveCfg = Debug|iPhoneSimulator
		{DA0460CE-2769-465B-BBA2-64D4CAA72958}.Debug|iPhoneSimulator.Build.0 = Debug|iPhoneSimulator
		{DA0460CE-2769-465B-BBA2-64D4CAA72958}.Release|iPhoneSimulator.ActiveCfg = Release|iPhoneSimulator
		{DA0460CE-2769-465B-BBA2-64D4CAA72958}.Release|iPhoneSimulator.Build.0 = Release|iPhoneSimulator
		{DA0460CE-2769-465B-BBA2-64D4CAA72958}.Debug|iPhone.ActiveCfg = Debug|iPhone
		{DA0460CE-2769-465B-BBA2-64D4CAA72958}.Debug|iPhone.Build.0 = Debug|iPhone
		{DA0460CE-2769-465B-BBA2-64D4CAA72958}.Release|iPhone.ActiveCfg = Release|iPhone
		{DA0460CE-2769-465B-BBA2-64D4CAA72958}.Release|iPhone.Build.0 = Release|iPhone
	EndGlobalSection
EndGlobal
